<?xml version="1.0" encoding="utf-8"?>
<Project ToolsVersion="17.0" xmlns="http://schemas.microsoft.com/developer/msbuild/2003">
  <ItemGroup>
    <ClCompile Include="C:\_DATA\NOTE\linux-notebook\CMake_专项笔记\CMAKE_基础教程_示例\demo_09\_engine_\src\main.cpp">
      <Filter>Source Files</Filter>
    </ClCompile>
  </ItemGroup>
  <ItemGroup>
    <CustomBuild Include="C:\_DATA\NOTE\linux-notebook\CMake_专项笔记\CMAKE_基础教程_示例\demo_09\_engine_\CMakeLists.txt" />
  </ItemGroup>
  <ItemGroup>
    <Filter Include="Source Files">
      <UniqueIdentifier>{3C0F901E-8BF8-3861-941A-7ED9BACFCD9A}</UniqueIdentifier>
    </Filter>
  </ItemGroup>
</Project>
