
Microsoft Visual Studio Solution File, Format Version 12.00
# Visual Studio Version 17
Project("{8BC9CEB8-8B4A-11D0-8D11-00A0C91BC942}") = "ALL_BUILD", "ALL_BUILD.vcxproj", "{49BF85BF-CA76-3166-94FC-74C750D1E239}"
	ProjectSection(ProjectDependencies) = postProject
		{61FF5F29-5471-3053-AC29-40B3E34403A2} = {61FF5F29-5471-3053-AC29-40B3E34403A2}
		{A3B25DA0-CAA1-31CD-9919-6028E04E9EF5} = {A3B25DA0-CAA1-31CD-9919-6028E04E9EF5}
	EndProjectSection
EndProject
Project("{8BC9CEB8-8B4A-11D0-8D11-00A0C91BC942}") = "ZERO_CHECK", "ZERO_CHECK.vcxproj", "{61FF5F29-5471-3053-AC29-40B3E34403A2}"
	ProjectSection(ProjectDependencies) = postProject
	EndProjectSection
EndProject
Project("{8BC9CEB8-8B4A-11D0-8D11-00A0C91BC942}") = "_engine_", "_engine_\_engine_.vcxproj", "{A3B25DA0-CAA1-31CD-9919-6028E04E9EF5}"
	ProjectSection(ProjectDependencies) = postProject
		{61FF5F29-5471-3053-AC29-40B3E34403A2} = {61FF5F29-5471-3053-AC29-40B3E34403A2}
	EndProjectSection
EndProject
Global
	GlobalSection(SolutionConfigurationPlatforms) = preSolution
		Debug|x64 = Debug|x64
		Release|x64 = Release|x64
		MinSizeRel|x64 = MinSizeRel|x64
		RelWithDebInfo|x64 = RelWithDebInfo|x64
	EndGlobalSection
	GlobalSection(ProjectConfigurationPlatforms) = postSolution
		{49BF85BF-CA76-3166-94FC-74C750D1E239}.Debug|x64.ActiveCfg = Debug|x64
		{49BF85BF-CA76-3166-94FC-74C750D1E239}.Release|x64.ActiveCfg = Release|x64
		{49BF85BF-CA76-3166-94FC-74C750D1E239}.MinSizeRel|x64.ActiveCfg = MinSizeRel|x64
		{49BF85BF-CA76-3166-94FC-74C750D1E239}.RelWithDebInfo|x64.ActiveCfg = RelWithDebInfo|x64
		{61FF5F29-5471-3053-AC29-40B3E34403A2}.Debug|x64.ActiveCfg = Debug|x64
		{61FF5F29-5471-3053-AC29-40B3E34403A2}.Debug|x64.Build.0 = Debug|x64
		{61FF5F29-5471-3053-AC29-40B3E34403A2}.Release|x64.ActiveCfg = Release|x64
		{61FF5F29-5471-3053-AC29-40B3E34403A2}.Release|x64.Build.0 = Release|x64
		{61FF5F29-5471-3053-AC29-40B3E34403A2}.MinSizeRel|x64.ActiveCfg = MinSizeRel|x64
		{61FF5F29-5471-3053-AC29-40B3E34403A2}.MinSizeRel|x64.Build.0 = MinSizeRel|x64
		{61FF5F29-5471-3053-AC29-40B3E34403A2}.RelWithDebInfo|x64.ActiveCfg = RelWithDebInfo|x64
		{61FF5F29-5471-3053-AC29-40B3E34403A2}.RelWithDebInfo|x64.Build.0 = RelWithDebInfo|x64
		{A3B25DA0-CAA1-31CD-9919-6028E04E9EF5}.Debug|x64.ActiveCfg = Debug|x64
		{A3B25DA0-CAA1-31CD-9919-6028E04E9EF5}.Debug|x64.Build.0 = Debug|x64
		{A3B25DA0-CAA1-31CD-9919-6028E04E9EF5}.Release|x64.ActiveCfg = Release|x64
		{A3B25DA0-CAA1-31CD-9919-6028E04E9EF5}.Release|x64.Build.0 = Release|x64
		{A3B25DA0-CAA1-31CD-9919-6028E04E9EF5}.MinSizeRel|x64.ActiveCfg = MinSizeRel|x64
		{A3B25DA0-CAA1-31CD-9919-6028E04E9EF5}.MinSizeRel|x64.Build.0 = MinSizeRel|x64
		{A3B25DA0-CAA1-31CD-9919-6028E04E9EF5}.RelWithDebInfo|x64.ActiveCfg = RelWithDebInfo|x64
		{A3B25DA0-CAA1-31CD-9919-6028E04E9EF5}.RelWithDebInfo|x64.Build.0 = RelWithDebInfo|x64
	EndGlobalSection
	GlobalSection(ExtensibilityGlobals) = postSolution
		SolutionGuid = {9DDC544E-4DFE-3BBE-8B0D-8044C2872615}
	EndGlobalSection
	GlobalSection(ExtensibilityAddIns) = postSolution
	EndGlobalSection
EndGlobal
